
Microsoft Visual Studio Solution File, Format Version 12.00
# Visual Studio Version 17
VisualStudioVersion = 17.3.32929.385
MinimumVisualStudioVersion = 10.0.40219.1
Project("{FAE04EC0-301F-11D3-BF4B-00C04F79EFBC}") = "Curso_cs", "Curso_cs\Curso_cs.csproj", "{D2371EC5-3C3F-457B-B18D-3BCF52066B70}"
EndProject
Global
	GlobalSection(SolutionConfigurationPlatforms) = preSolution
		Debug|Any CPU = Debug|Any CPU
		Release|Any CPU = Release|Any CPU
	EndGlobalSection
	GlobalSection(ProjectConfigurationPlatforms) = postSolution
		{D2371EC5-3C3F-457B-B18D-3BCF52066B70}.Debug|Any CPU.ActiveCfg = Debug|Any CPU
		{D2371EC5-3C3F-457B-B18D-3BCF52066B70}.Debug|Any CPU.Build.0 = Debug|Any CPU
		{D2371EC5-3C3F-457B-B18D-3BCF52066B70}.Release|Any CPU.ActiveCfg = Release|Any CPU
		{D2371EC5-3C3F-457B-B18D-3BCF52066B70}.Release|Any CPU.Build.0 = Release|Any CPU
	EndGlobalSection
	GlobalSection(SolutionProperties) = preSolution
		HideSolutionNode = FALSE
	EndGlobalSection
	GlobalSection(ExtensibilityGlobals) = postSolution
		SolutionGuid = {2E478C3B-0FB7-4C21-A22C-1015C03B9303}
	EndGlobalSection
EndGlobal
